# THIS IS AN AUTOGENERATED FILE. DO NOT EDIT THIS FILE DIRECTLY.
# yarn lockfile v1


"@emotion/is-prop-valid@^0.8.2":
  version "0.8.8"
  resolved "https://registry.npmjs.org/@emotion/is-prop-valid/-/is-prop-valid-0.8.8.tgz"
  integrity sha512-u5WtneEAr5IDG2Wv65yhunPSMLIpuKsbuOktRojfrEiEvRyC85LgPMZI63cr7NUqT8ZIGdSVg8ZKGxIug4lXcA==
  dependencies:
    "@emotion/memoize" "0.7.4"

"@emotion/memoize@0.7.4":
  version "0.7.4"
  resolved "https://registry.npmjs.org/@emotion/memoize/-/memoize-0.7.4.tgz"
  integrity sha512-Ja/Vfqe3HpuzRsG1oBtWTHk2PGZ7GR+2Vz5iYGelAw8dx32K0y7PjVuxK6z1nMpZOqAFsRUPCkK1YjJ56qJlgw==

"@oxc-project/types@=0.139.0":
  version "0.139.0"
  resolved "https://registry.npmjs.org/@oxc-project/types/-/types-0.139.0.tgz"
  integrity sha512-r9gHphtCs+1M7J0pw6Sn/hh/Wpa/iQrOOkrNAlVLF/gHq+/CJmHIWKKUUhdWjcD6CIa8idarspCsASiXCXvFUw==

"@rolldown/binding-darwin-arm64@1.1.5":
  version "1.1.5"
  resolved "https://registry.npmjs.org/@rolldown/binding-darwin-arm64/-/binding-darwin-arm64-1.1.5.tgz"
  integrity sha512-51Bnx9pNiMRKSUNtBfySkNJ9vMU9Hh3I1ozDd6gyPPYzaXCfnptUcEZxXGYFn+ul2dtcMUiqGR1Yai2K10uoTw==

"@rolldown/pluginutils@^1.0.0":
  version "1.0.1"
  resolved "https://registry.npmjs.org/@rolldown/pluginutils/-/pluginutils-1.0.1.tgz"
  integrity sha512-2j9bGt5Jh8hj+vPtgzPtl72j0yRxHAyumoo6TNfAjsLB04UtpSvPbPcDcBMxz7n+9CYB0c1GxQFxYRg2jimqGw==

"@swc/core-darwin-arm64@1.15.43":
  version "1.15.43"
  resolved "https://registry.npmjs.org/@swc/core-darwin-arm64/-/core-darwin-arm64-1.15.43.tgz"
  integrity sha512-v1aVuvXdo/BHxJzco9V2xpHrvwWmhfS8t6gziY5wJxd+Z2h8AeJRnAwPD8itCDaGXVBwJ/CaKfxEzTkG0Va0OA==

"@swc/core@^1.15.11":
  version "1.15.43"
  resolved "https://registry.npmjs.org/@swc/core/-/core-1.15.43.tgz"
  integrity sha512-1CuKjFkPxIgGdeHVuNbkxmBxkcbdc08u0aiI43pFq6yY1tTVKmXT9hFEooyyKs/sJ3xf1GPHyEwTtk9Xl8dvQw==
  dependencies:
    "@swc/counter" "^0.1.3"
    "@swc/types" "^0.1.27"
  optionalDependencies:
    "@swc/core-darwin-arm64" "1.15.43"
    "@swc/core-darwin-x64" "1.15.43"
    "@swc/core-linux-arm-gnueabihf" "1.15.43"
    "@swc/core-linux-arm64-gnu" "1.15.43"
    "@swc/core-linux-arm64-musl" "1.15.43"
    "@swc/core-linux-ppc64-gnu" "1.15.43"
    "@swc/core-linux-s390x-gnu" "1.15.43"
    "@swc/core-linux-x64-gnu" "1.15.43"
    "@swc/core-linux-x64-musl" "1.15.43"
    "@swc/core-win32-arm64-msvc" "1.15.43"
    "@swc/core-win32-ia32-msvc" "1.15.43"
    "@swc/core-win32-x64-msvc" "1.15.43"

"@swc/counter@^0.1.3":
  version "0.1.3"
  resolved "https://registry.npmjs.org/@swc/counter/-/counter-0.1.3.tgz"
  integrity sha512-e2BR4lsJkkRlKZ/qCHPw9ZaSxc0MVUd7gtbtaB7aMvHeJVYe8sOB8DBZkP2DtISHGSku9sCK6T6cnY0CtXrOCQ==

"@swc/types@^0.1.27":
  version "0.1.27"
  resolved "https://registry.npmjs.org/@swc/types/-/types-0.1.27.tgz"
  integrity sha512-K6h3iUlqeM946U4sXFYeahefR1YBbXJvko+hv8WS8/0BNJ4OHiHRywMnQUJCqkR7Y9+hqQ1TvEpiKqUhz7NEFg==
  dependencies:
    "@swc/counter" "^0.1.3"

"@vitejs/plugin-react-swc@4.3.1":
  version "4.3.1"
  resolved "https://registry.npmjs.org/@vitejs/plugin-react-swc/-/plugin-react-swc-4.3.1.tgz"
  integrity sha512-PaeokKjAGraNN+s5SIApgsktnJprIyt3zgEIu7awnEdfn29QiB2crTcCzyi2XGpX9rUnTc0cKU07Wm0N0g7H2w==
  dependencies:
    "@rolldown/pluginutils" "^1.0.0"
    "@swc/core" "^1.15.11"

detect-libc@^2.0.3:
  version "2.1.2"
  resolved "https://registry.npmjs.org/detect-libc/-/detect-libc-2.1.2.tgz"
  integrity sha512-Btj2BOOO83o3WyH59e8MgXsxEQVcarkUOpEYrubB0urwnN10yQ364rsiByU11nZlqWYZm05i/of7io4mzihBtQ==

fdir@^6.5.0:
  version "6.5.0"
  resolved "https://registry.npmjs.org/fdir/-/fdir-6.5.0.tgz"
  integrity sha512-tIbYtZbucOs0BRGqPJkshJUYdL+SDH7dVM8gjy+ERp3WAUjLEFJE+02kanyHtwjWOnwrKYBiwAmM0p4kLJAnXg==

framer-motion@10.16.4:
  version "10.16.4"
  resolved "https://registry.npmjs.org/framer-motion/-/framer-motion-10.16.4.tgz"
  integrity sha512-p9V9nGomS3m6/CALXqv6nFGMuFOxbWsmaOrdmhyQimMIlLl3LC7h7l86wge/Js/8cRu5ktutS/zlzgR7eBOtFA==
  dependencies:
    tslib "^2.4.0"
  optionalDependencies:
    "@emotion/is-prop-valid" "^0.8.2"

fsevents@~2.3.3:
  version "2.3.3"
  resolved "https://registry.npmjs.org/fsevents/-/fsevents-2.3.3.tgz"
  integrity sha512-5xoDfX+fL7faATnagmWPpbFtwh/R77WmMMqqHGS65C3vvB0YHrgF+B1YmZ3441tMj5n63k0212XNoJwzlhffQw==

"js-tokens@^3.0.0 || ^4.0.0":
  version "4.0.0"
  resolved "https://registry.npmjs.org/js-tokens/-/js-tokens-4.0.0.tgz"
  integrity sha512-RdJUflcE3cUzKiMqQgsCu06FPu9UdIJO0beYbPhHN4k6apgJtifcoCtT9bcxOpYBtpD2kCM6Sbzg4CausW/PKQ==

lightningcss-darwin-arm64@1.32.0:
  version "1.32.0"
  resolved "https://registry.npmjs.org/lightningcss-darwin-arm64/-/lightningcss-darwin-arm64-1.32.0.tgz"
  integrity sha512-RzeG9Ju5bag2Bv1/lwlVJvBE3q6TtXskdZLLCyfg5pt+HLz9BqlICO7LZM7VHNTTn/5PRhHFBSjk5lc4cmscPQ==

lightningcss@^1.32.0:
  version "1.32.0"
  resolved "https://registry.npmjs.org/lightningcss/-/lightningcss-1.32.0.tgz"
  integrity sha512-NXYBzinNrblfraPGyrbPoD19C1h9lfI/1mzgWYvXUTe414Gz/X1FD2XBZSZM7rRTrMA8JL3OtAaGifrIKhQ5yQ==
  dependencies:
    detect-libc "^2.0.3"
  optionalDependencies:
    lightningcss-android-arm64 "1.32.0"
    lightningcss-darwin-arm64 "1.32.0"
    lightningcss-darwin-x64 "1.32.0"
    lightningcss-freebsd-x64 "1.32.0"
    lightningcss-linux-arm-gnueabihf "1.32.0"
    lightningcss-linux-arm64-gnu "1.32.0"
    lightningcss-linux-arm64-musl "1.32.0"
    lightningcss-linux-x64-gnu "1.32.0"
    lightningcss-linux-x64-musl "1.32.0"
    lightningcss-win32-arm64-msvc "1.32.0"
    lightningcss-win32-x64-msvc "1.32.0"

loose-envify@^1.1.0:
  version "1.4.0"
  resolved "https://registry.npmjs.org/loose-envify/-/loose-envify-1.4.0.tgz"
  integrity sha512-lyuxPGr/Wfhrlem2CL/UcnUc1zcqKAImBDzukY7Y5F/yQiNdko6+fRLevlw1HgMySw7f611UIY408EtxRSoK3Q==
  dependencies:
    js-tokens "^3.0.0 || ^4.0.0"

nanoid@^3.3.12:
  version "3.3.16"
  resolved "https://registry.npmjs.org/nanoid/-/nanoid-3.3.16.tgz"
  integrity sha512-bzlKTyNJ7+LdGIIwy8ijFpIqEQIvafahV7eYykJ8Cvh42EdJeODoJ6gUJXpQJvej1BddH8OqTXZNE/KfbWAu8Q==

picocolors@^1.1.1:
  version "1.1.1"
  resolved "https://registry.npmjs.org/picocolors/-/picocolors-1.1.1.tgz"
  integrity sha512-xceH2snhtb5M9liqDsmEw56le376mTZkEX/jEb/RxNFyegNul7eNslCXP9FDj/Lcu0X8KEyMceP2ntpaHrDEVA==

"picomatch@^3 || ^4", picomatch@^4.0.4:
  version "4.0.5"
  resolved "https://registry.npmjs.org/picomatch/-/picomatch-4.0.5.tgz"
  integrity sha512-RvwwcruNjI1ncT5xRakeyS9Lf8lcItv34KD+aif+VH9kduAyfYBipGh12274xtenIPZ119/R9BdTBa8gAwSh0A==

postcss@^8.5.16:
  version "8.5.19"
  resolved "https://registry.npmjs.org/postcss/-/postcss-8.5.19.tgz"
  integrity sha512-Mz8SaolMd8nB+G13WkORcxQKHZ/NE4xXevtkJHVuG+guo9/wYKlIMTKAqGdEmYOXR2ijPjTYNHssizdaVSUNdQ==
  dependencies:
    nanoid "^3.3.12"
    picocolors "^1.1.1"
    source-map-js "^1.2.1"

react-dom@^18.0.0, react-dom@18.2.0:
  version "18.2.0"
  resolved "https://registry.npmjs.org/react-dom/-/react-dom-18.2.0.tgz"
  integrity sha512-6IMTriUmvsjHUjNtEDudZfuDQUoWXVxKHhlEGSk81n4YFS+r/Kl99wXiwlVXtPBtJenozv2P+hxDsw9eA7Xo6g==
  dependencies:
    loose-envify "^1.1.0"
    scheduler "^0.23.0"

react@^18.0.0, react@^18.2.0, react@18.2.0:
  version "18.2.0"
  resolved "https://registry.npmjs.org/react/-/react-18.2.0.tgz"
  integrity sha512-/3IjMdb2L9QbBdWiW5e3P2/npwMBaU9mHCSCUzNln0ZCYbcfTsGbTJrU/kGemdH2IWmB2ioZ+zkxtmq6g09fGQ==
  dependencies:
    loose-envify "^1.1.0"

rolldown@~1.1.3:
  version "1.1.5"
  resolved "https://registry.npmjs.org/rolldown/-/rolldown-1.1.5.tgz"
  integrity sha512-t9z29cJjXf/vxQ8dyhCSpt6H6aSwHTk8cT5I3iy6SMXuFpk5mB6PL6XfC8PCwrPTx93udwKUm9HRteAlTGBLiA==
  dependencies:
    "@oxc-project/types" "=0.139.0"
    "@rolldown/pluginutils" "^1.0.0"
  optionalDependencies:
    "@rolldown/binding-android-arm64" "1.1.5"
    "@rolldown/binding-darwin-arm64" "1.1.5"
    "@rolldown/binding-darwin-x64" "1.1.5"
    "@rolldown/binding-freebsd-x64" "1.1.5"
    "@rolldown/binding-linux-arm-gnueabihf" "1.1.5"
    "@rolldown/binding-linux-arm64-gnu" "1.1.5"
    "@rolldown/binding-linux-arm64-musl" "1.1.5"
    "@rolldown/binding-linux-ppc64-gnu" "1.1.5"
    "@rolldown/binding-linux-s390x-gnu" "1.1.5"
    "@rolldown/binding-linux-x64-gnu" "1.1.5"
    "@rolldown/binding-linux-x64-musl" "1.1.5"
    "@rolldown/binding-openharmony-arm64" "1.1.5"
    "@rolldown/binding-wasm32-wasi" "1.1.5"
    "@rolldown/binding-win32-arm64-msvc" "1.1.5"
    "@rolldown/binding-win32-x64-msvc" "1.1.5"

scheduler@^0.23.0:
  version "0.23.0"
  resolved "https://registry.npmjs.org/scheduler/-/scheduler-0.23.0.tgz"
  integrity sha512-CtuThmgHNg7zIZWAXi3AsyIzA3n4xx7aNyjwC2VJldO2LMVDhFK+63xGqq6CsJH4rTAt6/M+N4GhZiDYPx9eUw==
  dependencies:
    loose-envify "^1.1.0"

source-map-js@^1.2.1:
  version "1.2.1"
  resolved "https://registry.npmjs.org/source-map-js/-/source-map-js-1.2.1.tgz"
  integrity sha512-UXWMKhLOwVKb728IUtQPXxfYU+usdybtUrK/8uGE8CQMvrhOpwvzDBwj0QhSL7MQc7vIsISBG8VQ8+IDQxpfQA==

tinyglobby@^0.2.17:
  version "0.2.17"
  resolved "https://registry.npmjs.org/tinyglobby/-/tinyglobby-0.2.17.tgz"
  integrity sha512-wXR/dYpcqKmfWpEdZjiKJOwCNFndD0DMnrW/cYjVGttEkBfVgcLFHoNrlj47mjOVic9yyNu65alsgF4NQyTa2g==
  dependencies:
    fdir "^6.5.0"
    picomatch "^4.0.4"

tslib@^2.4.0:
  version "2.8.1"
  resolved "https://registry.npmjs.org/tslib/-/tslib-2.8.1.tgz"
  integrity sha512-oJFu94HQb+KVduSUQL7wnpmqnfmLsOA/nAh6b6EH0wCEoK0/mPeXU6c3wKDV83MkOuHPRHtSXKKU99IBazS/2w==

"vite@^4 || ^5 || ^6 || ^7 || ^8", vite@8.1.3:
  version "8.1.3"
  resolved "https://registry.npmjs.org/vite/-/vite-8.1.3.tgz"
  integrity sha512-Ds+gBRbj0lwRO2Y5hwnUBdxSwlAve9LeRyU4sNnAr0ewW0gWF0n5bgXgUzbgZ49MV9BVUAQUFYVcDUcilUExMA==
  dependencies:
    lightningcss "^1.32.0"
    picomatch "^4.0.4"
    postcss "^8.5.16"
    rolldown "~1.1.3"
    tinyglobby "^0.2.17"
  optionalDependencies:
    fsevents "~2.3.3"
